PackratFormat: 1.4
PackratVersion: 0.4.6.1
RVersion: 3.2.2
Repos: CRAN=https://cran.rstudio.com/

Package: BH
Source: CRAN
Version: 1.60.0-1

Package: DAAG
Source: CRAN
Version: 1.22
Requires: latticeExtra
Hash: 9afba1997a53c11034b3416c055b9684

Package: DBI
Source: CRAN
Version: 0.3.1
Hash: 096699d1ac1cf530acfc646a0c90ee5d

Package: Formula
Source: CRAN
Version: 1.2-1
Hash: 47ae34d89a8dd8fde36c9c0b5c587819

Package: Hmisc
Source: CRAN
Version: 3.17-1
Requires: Formula, acepack, foreign, ggplot2, gridExtra, gtable,
    latticeExtra
Hash: 2ef69e4f3e49191a906eb9c76825fe84

Package: Lahman
Source: CRAN
Version: 4.0-1
Hash: 5d069a9780c7f64bd6cecc9b1b5ee2c6

Package: MatrixModels
Source: CRAN
Version: 0.4-1
Hash: 60a5c75e57aae4a0ce76cb7422939aaf

Package: R.cache
Source: CRAN
Version: 0.12.0
Requires: R.methodsS3, R.oo, R.utils, digest
Hash: ce05d672d1d5a0abf28bb0dd0c5c43cb

Package: R.methodsS3
Source: CRAN
Version: 1.7.0
Hash: 18e488de0e3499493db5c7cdb7471e0c

Package: R.oo
Source: CRAN
Version: 1.19.0
Requires: R.methodsS3
Hash: b59acd11664f31a5e4fc4c8df8c9d422

Package: R.rsp
Source: CRAN
Version: 0.21.0
Requires: R.cache, R.methodsS3, R.oo, R.utils
Hash: 67a4c0795a8afa89e590e0d919a5da9f

Package: R.utils
Source: CRAN
Version: 2.2.0
Requires: R.methodsS3, R.oo
Hash: dfc0bc71c7d72797636bfada613e0027

Package: R6
Source: CRAN
Version: 2.1.1
Hash: 20a88b2c9c84aecff2702789a4d102f5

Package: RColorBrewer
Source: CRAN
Version: 1.1-2
Hash: c0d56cd15034f395874c870141870c25

Package: RCurl
Source: CRAN
Version: 1.95-4.7
Requires: bitops
Hash: 7756ed9df5d79ca87bc9e93f85d89b87

Package: RJSONIO
Source: CRAN
Version: 1.3-0
Hash: fb672e20eb6f3010a3639f855d8ef6de

Package: RMySQL
Source: CRAN
Version: 0.10.7
Requires: DBI
Hash: c9260e25690b07d02a298f75e5178e86

Package: RPostgreSQL
Source: CRAN
Version: 0.4
Requires: DBI
Hash: 058b28d752fb52d9c1dfdc2b21d0b5e5

Package: RSQLite
Source: CRAN
Version: 1.0.0
Requires: DBI
Hash: 3df52a54766f420d257debad962146c0

Package: RUnit
Source: CRAN
Version: 0.4.31
Hash: 62eb28673740eb6984f134cb2c179c55

Package: Rcpp
Source: CRAN
Version: 0.12.2
Hash: 1928c2b7372e3f033217335f3fad25a3

Package: RcppEigen
Source: CRAN
Version: 0.3.2.5.1
Requires: Rcpp

Package: RgoogleMaps
Source: CRAN
Version: 1.2.0.7
Requires: RJSONIO, png
Hash: 2f5d21dc8b212ee391899e88174c0d48

Package: SparseM
Source: CRAN
Version: 1.7
Hash: 98aaf6c87c9a70c4982e437c02698e76

Package: TH.data
Source: CRAN
Version: 1.0-6
Hash: ecd04be5b50d24c58f70fdf9e4baf1d0

Package: XLConnect
Source: CRAN
Version: 0.2-11
Requires: XLConnectJars, rJava
Hash: 9671b8bb38db7af753ee09ad7bc7b546

Package: XLConnectJars
Source: CRAN
Version: 0.2-9
Requires: rJava
Hash: c3a7ea4d67acc15d861409bb55b753dc

Package: XML
Source: CRAN
Version: 3.98-1.3
Hash: 689166755239c3300769ca2d600381c6

Package: acepack
Source: CRAN
Version: 1.3-3.3
Hash: 98134fc49d89dcc4662712f3111e68e6

Package: assertthat
Source: CRAN
Version: 0.1
Hash: 0afb92b59b02593c70ff8046700ba9d3

Package: bdsmatrix
Source: CRAN
Version: 1.3-2
Hash: d87c2de7234709150492e44113392835

Package: bit
Source: CRAN
Version: 1.1-12
Hash: a4cdb11cf9fd6dd38f9f40c413b81e93

Package: bit64
Source: CRAN
Version: 0.9-5
Requires: bit
Hash: efc07a32b683ff0c778c2c6868bfb655

Package: bitops
Source: CRAN
Version: 1.0-6
Hash: 67d0775189fd0041d95abca618c5c07e

Package: brew
Source: CRAN
Version: 1.0-6
Hash: 931f9972deae0f205e1c78a51f33149b

Package: caTools
Source: CRAN
Version: 1.17.1
Requires: bitops
Hash: 97cb6f6293cd18d17df77a6383cc6763

Package: car
Source: CRAN
Version: 2.1-1
Requires: pbkrtest, quantreg
Hash: 72fba75b883b0798f126876c61102bc3

Package: caret
Source: CRAN
Version: 6.0-62
Requires: car, foreach, ggplot2, plyr, reshape2
Hash: b04d209b4755d722eb99d7adf4205cf8

Package: chron
Source: CRAN
Version: 2.3-47
Hash: d25d96d908cd21080f24c89eed4c80a0

Package: coda
Source: CRAN
Version: 0.18-1
Hash: 2c2850226efa6a8aaf9b02704ffd3682

Package: colorspace
Source: CRAN
Version: 1.2-6
Hash: 00bb12245cd975c450cc4a960884fa15

Package: covr
Source: CRAN
Version: 1.2.0
Requires: crayon, devtools, htmltools, httr, jsonlite, rex
Hash: 954bb878fafebfbd52767f94e6141dae

Package: crayon
Source: CRAN
Version: 1.3.1
Requires: memoise
Hash: b61d34886cf0f4b4fc4e4f52ea249390

Package: curl
Source: CRAN
Version: 0.9.4
Hash: f0845d30266233da7d910ac687a5174b

Package: data.table
Source: CRAN
Version: 1.9.6
Requires: chron
Hash: f92ef1f73afa43bf6fd69a22f3794abd

Package: devtools
Source: CRAN
Version: 1.9.1
Requires: curl, digest, evaluate, git2r, httr, jsonlite, memoise,
    roxygen2, rstudioapi, rversions, whisker
Hash: 894e4e2f04fb749f786f15cf01181a0c

Package: dichromat
Source: CRAN
Version: 2.0-0
Hash: 08eed0c80510af29bb15f840ccfe37ce

Package: digest
Source: CRAN
Version: 0.6.8
Hash: de202f956596a476d09304e3a2ebf1e5

Package: dplyr
Source: CRAN
Version: 0.4.3
Requires: BH, DBI, R6, Rcpp, assertthat, lazyeval, magrittr
Hash: 6747c41888a187a26ac4b03789b52a06

Package: evaluate
Source: CRAN
Version: 0.8
Requires: stringr
Hash: aac00bd789bac10970b50e3b7e0cab04

Package: fastmatch
Source: CRAN
Version: 1.0-4
Hash: 8da210a6fb5b84bafbc2fbc36b58f31c

Package: foreach
Source: CRAN
Version: 1.4.3
Requires: iterators
Hash: cd53ef4cf29dc59ce3f8c5c1af735fd1

Package: foreign
Source: CRAN
Version: 0.8-66
Hash: 99a453ffeef7ff27060aed83cde5bae3

Package: formatR
Source: CRAN
Version: 1.2.1
Hash: 54c730c712edd6087972ecf99bf87c55

Package: fts
Source: CRAN
Version: 0.9.9
Requires: BH, zoo
Hash: b4d05b53e374c706d4a23654d960d1d3

Package: gdata
Source: CRAN
Version: 2.17.0
Requires: gtools
Hash: e7d520c2a9597b303f54499e3bd90644

Package: geosphere
Source: CRAN
Version: 1.5-1
Requires: sp
Hash: 73b81847a866d1ce2924fd6de7e475e2

Package: ggmap
Source: CRAN
Version: 2.6
Requires: RgoogleMaps, digest, geosphere, ggplot2, jpeg, mapproj, plyr,
    png, proto, reshape2, rjson, scales
Hash: 8fefcbbbb46e6ef7772858392e17bbfe

Package: ggplot2
Source: CRAN
Version: 2.0.0
Requires: digest, gtable, plyr, reshape2, scales
Hash: 5befb1e7a9c7d0692d6c35fa02a29dbf

Package: ggplot2movies
Source: CRAN
Version: 0.0.1
Hash: c3b76528eca3184691fae96763c57db0

Package: git2r
Source: CRAN
Version: 0.13.1
Hash: 10b695e315f922046c7d56b9dc7150db

Package: gridExtra
Source: CRAN
Version: 2.0.0
Requires: gtable
Hash: 9be37a2d3b6a427d8a3d2a42f2b0bc01

Package: gtable
Source: CRAN
Version: 0.1.2
Hash: 38a0f066373a60824cd3ade2362af363

Package: gtools
Source: CRAN
Version: 3.5.0
Hash: 471b2e2452dfb30fdc1dd6f1b567925a

Package: hexbin
Source: CRAN
Version: 1.27.1
Hash: 9f94c576cc4b9e83fd714ae8387272e6

Package: highr
Source: CRAN
Version: 0.5.1
Hash: 114ef5abcf58bebbf6ac083b9cacbbd8

Package: htmltools
Source: CRAN
Version: 0.3
Requires: digest
Hash: 7ccc01f4d22d73d0d9b0d2a7781e7ff6

Package: httr
Source: CRAN
Version: 1.0.0
Requires: R6, curl, digest, jsonlite, mime, stringr
Hash: 165c156aaf69073f9a1f8a4211c626d9

Package: iterators
Source: CRAN
Version: 1.0.8
Hash: 488b93c2a4166db0d15f1e8d882cb1d4

Package: its
Source: CRAN
Version: 1.1.8
Requires: Hmisc
Hash: d3a743af416604618e0a9fd78757f21f

Package: jpeg
Source: CRAN
Version: 0.1-8
Hash: 189af3df9864c6aa8546033f08ba9358

Package: jsonlite
Source: CRAN
Version: 0.9.19
Hash: 4a983f753b6e88ae0f5a6ac152d8cc32

Package: knitr
Source: CRAN
Version: 1.10.5
Requires: digest, evaluate, formatR, highr, markdown, stringr, yaml
Hash: 3734733a01c3a749fcf26a6c9adfb8e4

Package: labeling
Source: CRAN
Version: 0.3
Hash: ecf589b42cd284b03a4beb9665482d3e

Package: latticeExtra
Source: CRAN
Version: 0.6-26
Requires: RColorBrewer
Hash: 07a60e9d5b59ddac85b9c26cd81867ca

Package: lazyeval
Source: CRAN
Version: 0.1.10
Hash: 9679f1ac7f6bc07bc79755f34cd15e1f

Package: lme4
Source: CRAN
Version: 1.1-10
Requires: Rcpp, RcppEigen, minqa, nloptr
Hash: e75a405b5422af609ce4a753e2c69974

Package: lmtest
Source: CRAN
Version: 0.9-34
Requires: zoo
Hash: 0f7651b07fb83faede8509ff4c5db819

Package: lubridate
Source: CRAN
Version: 1.5.0
Requires: stringr
Hash: 038715dfce23c748aef45c22f46e4b75

Package: magrittr
Source: CRAN
Version: 1.5
Hash: bdc4d48c3135e8f3b399536ddf160df4

Package: mapproj
Source: CRAN
Version: 1.2-4
Requires: maps
Hash: e4c4eaf5289ffa74413a9cd71584cb1d

Package: maps
Source: CRAN
Version: 3.0.1
Hash: 14756dbe9c815658dfaa2f4fae5d69f3

Package: maptools
Source: CRAN
Version: 0.8-37
Requires: foreign, sp
Hash: fd35fe70bec4c6437f2f83b5549bc18b

Package: markdown
Source: CRAN
Version: 0.7.7
Requires: mime
Hash: fea2343a1119d61b0cc5c0a950d103a3

Package: memoise
Source: CRAN
Version: 0.2.1
Requires: digest
Hash: 812e6a1dd77a0ca4da41f3239de8e447

Package: microbenchmark
Source: CRAN
Version: 1.4-2.1
Requires: ggplot2
Hash: 848513312615c5865b44037f84759690

Package: mime
Source: CRAN
Version: 0.4
Hash: b08c52dae92a0a11e64a4deea032ec33

Package: minqa
Source: CRAN
Version: 1.2.4
Requires: Rcpp
Hash: c6eef598d73f67b55b779647ee4085e4

Package: mondate
Source: CRAN
Version: 0.10.01.02
Hash: db1cb404080cb45aa5abe40cc65d3ac8

Package: multcomp
Source: CRAN
Version: 1.4-1
Requires: TH.data, mvtnorm, sandwich
Hash: 422cc60ea87f38db4eba7931797dd1b3

Package: munsell
Source: CRAN
Version: 0.4.2
Requires: colorspace
Hash: 72d343a6664778029f49a7ad36de1cab

Package: mvtnorm
Source: CRAN
Version: 1.0-3
Hash: 3dead1b0de2bb1ce196a43df831f9080

Package: nloptr
Source: CRAN
Version: 1.0.4
Hash: 8053df240a4635aeb54fc68c6de67709

Package: nycflights13
Source: CRAN
Version: 0.1
Hash: b69cf79e7669c08975fdcad2bcd52515

Package: packrat
Source: CRAN
Version: 0.4.6-1
Hash: 29eacc43b096c5b1a82c8d54a49b030b

Package: pbkrtest
Source: CRAN
Version: 0.4-4
Requires: lme4
Hash: 6c3a92af8bb80726a19f6265ca051564

Package: plm
Source: CRAN
Version: 1.5-12
Requires: Formula, bdsmatrix, car, lmtest, sandwich, zoo
Hash: a96d7600fa61f480a3d3b0a9d6a7117d

Package: plyr
Source: CRAN
Version: 1.8.3
Requires: Rcpp
Hash: 5cf4672c5940e265f2602d5d806d303d

Package: png
Source: CRAN
Version: 0.1-7
Hash: 421d7d6e0fb4bd885ecbd909b6456b8b

Package: praise
Source: CRAN
Version: 1.0.0
Hash: 77da8f1df873a4b91e5c4a68fe2fb1b6

Package: proto
Source: CRAN
Version: 0.3-10
Hash: 05d7ad64db29a39d1b02c4b9f1f4edb2

Package: quadprog
Source: CRAN
Version: 1.5-5
Hash: 69000b7dc41b09977dcf781f909d235c

Package: quantreg
Source: CRAN
Version: 5.19
Requires: MatrixModels, SparseM
Hash: 53bd9a2edfd435d2d180d2a5eaae5aed

Package: rJava
Source: CRAN
Version: 0.9-7
Hash: bf541ef2ee8a6515eba35256566e64cf

Package: reshape
Source: CRAN
Version: 0.8.5
Requires: plyr
Hash: 08a3fc774cceaaec54edea9e9687a6c5

Package: reshape2
Source: CRAN
Version: 1.4.1
Requires: Rcpp, plyr, stringr
Hash: 193899598711fc9776f383bbdf266118

Package: rex
Source: CRAN
Version: 1.0.1
Requires: lazyeval, magrittr
Hash: edf3919ca29bd5d10bfc9cd7419a1aab

Package: rjson
Source: CRAN
Version: 0.2.15
Hash: def074f38d0cff3b597649ee6f976128

Package: rmarkdown
Source: CRAN
Version: 0.7
Requires: caTools, htmltools, knitr, yaml
Hash: bf9c8cfc700d2417a309dd7a5ebd41d3

Package: roxygen2
Source: CRAN
Version: 5.0.1
Requires: Rcpp, brew, digest, stringi, stringr
Hash: 764de5dbf10bcd671fde95798bf96112

Package: rstudioapi
Source: CRAN
Version: 0.4.0
Hash: 1daee7a586b46f99ab9114668aa05cc7

Package: rversions
Source: CRAN
Version: 1.0.2
Requires: curl, xml2
Hash: c006a9eaa80a091dcd87bb4003887b12

Package: sandwich
Source: CRAN
Version: 2.3-4
Requires: zoo
Hash: eb356b4a90fa5887a45917b42587bf6c

Package: scales
Source: CRAN
Version: 0.3.0
Requires: RColorBrewer, Rcpp, dichromat, labeling, munsell, plyr
Hash: 323f8f5a7f2823f19bd3fd3c15fc196a

Package: slam
Source: CRAN
Version: 0.1-32
Hash: bc3501cd4badda02e5be7837847c887d

Package: sp
Source: CRAN
Version: 1.1-1
Hash: a6f7857b06c83649b8c6a4724b5b9233

Package: stringi
Source: CRAN
Version: 1.0-1
Hash: cf342bc407bd5daec77ed1009d5244e1

Package: stringr
Source: CRAN
Version: 1.0.0
Requires: magrittr, stringi
Hash: 2676dd5f88890910962b733b0f9540e1

Package: strucchange
Source: CRAN
Version: 1.5-1
Requires: sandwich, zoo
Hash: 79c55eaae619a419b9db1a7e4640cc1b

Package: tau
Source: CRAN
Version: 0.0-18
Hash: 513eb585143b08570c440f8947224c97

Package: testthat
Source: CRAN
Version: 0.11.0
Requires: crayon, digest, praise
Hash: e10882241e569f584fb1f8c19599a13f

Package: textcat
Source: CRAN
Version: 1.0-3
Requires: slam, tau
Hash: 5bb77f7bc0b16c06d225887bfcc2acdd

Package: tidyr
Source: CRAN
Version: 0.3.1
Requires: Rcpp, dplyr, lazyeval, magrittr, stringi
Hash: 1606e7bf29585ceb6ae1c309d8695793

Package: timeDate
Source: CRAN
Version: 3012.100
Hash: 78876c125c98033cd093fa0283469637

Package: timeSeries
Source: CRAN
Version: 3022.101.2
Requires: timeDate
Hash: 7f535d772209c1f07ba0334352937556

Package: tis
Source: CRAN
Version: 1.30
Hash: f0c596524551bbdd52cf40a9f946060d

Package: tseries
Source: CRAN
Version: 0.10-34
Requires: quadprog, zoo
Hash: 9907998383c7d39f42da6c3c84511e57

Package: whisker
Source: CRAN
Version: 0.3-2
Hash: 803d662762e532705c2c066a82d066e7

Package: xml2
Source: CRAN
Version: 0.1.2
Requires: BH, Rcpp
Hash: d3a4a61753f1ebf32548bdd9ab709c4b

Package: xts
Source: CRAN
Version: 0.9-7
Requires: zoo
Hash: fb3f81d7a2fa2323879b6b49722ddc5e

Package: yaml
Source: CRAN
Version: 2.1.13
Hash: 4854ccabebc225e8a7309fb4a74980de

Package: zoo
Source: CRAN
Version: 1.7-12
Hash: 8ce4a89536cba4fa6023190959de5658
